// !$*UTF8*$!
{
	archiveVersion = 1;
	classes = {
	};
	objectVersion = 46;
	objects = {

/* Begin PBXBuildFile section */
		45344DBB1B8529F5000E91A9 /* main.m in Sources */ = {isa = PBXBuildFile; fileRef = 45344DBA1B8529F5000E91A9 /* main.m */; };
		45344DBE1B8529F5000E91A9 /* AppDelegate.m in Sources */ = {isa = PBXBuildFile; fileRef = 45344DBD1B8529F5000E91A9 /* AppDelegate.m */; };
		45344DC41B8529F5000E91A9 /* Main.storyboard in Resources */ = {isa = PBXBuildFile; fileRef = 45344DC21B8529F5000E91A9 /* Main.storyboard */; };
		45344DC61B8529F5000E91A9 /* Images.xcassets in Resources */ = {isa = PBXBuildFile; fileRef = 45344DC51B8529F5000E91A9 /* Images.xcassets */; };
		45344DC91B8529F5000E91A9 /* LaunchScreen.xib in Resources */ = {isa = PBXBuildFile; fileRef = 45344DC71B8529F5000E91A9 /* LaunchScreen.xib */; };
		45344DD51B8529F5000E91A9 /* DexTests.m in Sources */ = {isa = PBXBuildFile; fileRef = 45344DD41B8529F5000E91A9 /* DexTests.m */; };
		45344DE61B8674B7000E91A9 /* SDCaptureViewController.m in Sources */ = {isa = PBXBuildFile; fileRef = 45344DE51B8674B7000E91A9 /* SDCaptureViewController.m */; };
		45344DE91B87D86D000E91A9 /* SDResultsViewController.m in Sources */ = {isa = PBXBuildFile; fileRef = 45344DE81B87D86D000E91A9 /* SDResultsViewController.m */; };
		45344E211B8E2AAF000E91A9 /* SDTabBarControllerViewController.m in Sources */ = {isa = PBXBuildFile; fileRef = 45344E201B8E2AAF000E91A9 /* SDTabBarControllerViewController.m */; };
/* End PBXBuildFile section */

/* Begin PBXContainerItemProxy section */
		45344DCF1B8529F5000E91A9 /* PBXContainerItemProxy */ = {
			isa = PBXContainerItemProxy;
			containerPortal = 45344DAD1B8529F5000E91A9 /* Project object */;
			proxyType = 1;
			remoteGlobalIDString = 45344DB41B8529F5000E91A9;
			remoteInfo = Dex;
		};
/* End PBXContainerItemProxy section */

/* Begin PBXFileReference section */
		45344DB51B8529F5000E91A9 /* Dex.app */ = {isa = PBXFileReference; explicitFileType = wrapper.application; includeInIndex = 0; path = Dex.app; sourceTree = BUILT_PRODUCTS_DIR; };
		45344DB91B8529F5000E91A9 /* Info.plist */ = {isa = PBXFileReference; lastKnownFileType = text.plist.xml; path = Info.plist; sourceTree = "<group>"; };
		45344DBA1B8529F5000E91A9 /* main.m */ = {isa = PBXFileReference; lastKnownFileType = sourcecode.c.objc; path = main.m; sourceTree = "<group>"; };
		45344DBC1B8529F5000E91A9 /* AppDelegate.h */ = {isa = PBXFileReference; lastKnownFileType = sourcecode.c.h; path = AppDelegate.h; sourceTree = "<group>"; };
		45344DBD1B8529F5000E91A9 /* AppDelegate.m */ = {isa = PBXFileReference; lastKnownFileType = sourcecode.c.objc; path = AppDelegate.m; sourceTree = "<group>"; };
		45344DC31B8529F5000E91A9 /* Base */ = {isa = PBXFileReference; lastKnownFileType = file.storyboard; name = Base; path = Base.lproj/Main.storyboard; sourceTree = "<group>"; };
		45344DC51B8529F5000E91A9 /* Images.xcassets */ = {isa = PBXFileReference; lastKnownFileType = folder.assetcatalog; path = Images.xcassets; sourceTree = "<group>"; };
		45344DC81B8529F5000E91A9 /* Base */ = {isa = PBXFileReference; lastKnownFileType = file.xib; name = Base; path = Base.lproj/LaunchScreen.xib; sourceTree = "<group>"; };
		45344DCE1B8529F5000E91A9 /* DexTests.xctest */ = {isa = PBXFileReference; explicitFileType = wrapper.cfbundle; includeInIndex = 0; path = DexTests.xctest; sourceTree = BUILT_PRODUCTS_DIR; };
		45344DD31B8529F5000E91A9 /* Info.plist */ = {isa = PBXFileReference; lastKnownFileType = text.plist.xml; path = Info.plist; sourceTree = "<group>"; };
		45344DD41B8529F5000E91A9 /* DexTests.m */ = {isa = PBXFileReference; lastKnownFileType = sourcecode.c.objc; path = DexTests.m; sourceTree = "<group>"; };
		45344DE41B8674B7000E91A9 /* SDCaptureViewController.h */ = {isa = PBXFileReference; fileEncoding = 4; lastKnownFileType = sourcecode.c.h; path = SDCaptureViewController.h; sourceTree = "<group>"; };
		45344DE51B8674B7000E91A9 /* SDCaptureViewController.m */ = {isa = PBXFileReference; fileEncoding = 4; lastKnownFileType = sourcecode.c.objc; path = SDCaptureViewController.m; sourceTree = "<group>"; };
		45344DE71B87D86C000E91A9 /* SDResultsViewController.h */ = {isa = PBXFileReference; fileEncoding = 4; lastKnownFileType = sourcecode.c.h; path = SDResultsViewController.h; sourceTree = "<group>"; };
		45344DE81B87D86D000E91A9 /* SDResultsViewController.m */ = {isa = PBXFileReference; fileEncoding = 4; lastKnownFileType = sourcecode.c.objc; path = SDResultsViewController.m; sourceTree = "<group>"; };
		45344E1F1B8E2AAF000E91A9 /* SDTabBarControllerViewController.h */ = {isa = PBXFileReference; fileEncoding = 4; lastKnownFileType = sourcecode.c.h; path = SDTabBarControllerViewController.h; sourceTree = "<group>"; };
		45344E201B8E2AAF000E91A9 /* SDTabBarControllerViewController.m */ = {isa = PBXFileReference; fileEncoding = 4; lastKnownFileType = sourcecode.c.objc; path = SDTabBarControllerViewController.m; sourceTree = "<group>"; };
/* End PBXFileReference section */

/* Begin PBXFrameworksBuildPhase section */
		45344DB21B8529F5000E91A9 /* Frameworks */ = {
			isa = PBXFrameworksBuildPhase;
			buildActionMask = 2147483647;
			files = (
			);
			runOnlyForDeploymentPostprocessing = 0;
		};
		45344DCB1B8529F5000E91A9 /* Frameworks */ = {
			isa = PBXFrameworksBuildPhase;
			buildActionMask = 2147483647;
			files = (
			);
			runOnlyForDeploymentPostprocessing = 0;
		};
/* End PBXFrameworksBuildPhase section */

/* Begin PBXGroup section */
		45344DAC1B8529F5000E91A9 = {
			isa = PBXGroup;
			children = (
				45344DB71B8529F5000E91A9 /* Dex */,
				45344DD11B8529F5000E91A9 /* DexTests */,
				45344DB61B8529F5000E91A9 /* Products */,
			);
			sourceTree = "<group>";
		};
		45344DB61B8529F5000E91A9 /* Products */ = {
			isa = PBXGroup;
			children = (
				45344DB51B8529F5000E91A9 /* Dex.app */,
				45344DCE1B8529F5000E91A9 /* DexTests.xctest */,
			);
			name = Products;
			sourceTree = "<group>";
		};
		45344DB71B8529F5000E91A9 /* Dex */ = {
			isa = PBXGroup;
			children = (
				45344DBC1B8529F5000E91A9 /* AppDelegate.h */,
				45344DBD1B8529F5000E91A9 /* AppDelegate.m */,
				45344DE41B8674B7000E91A9 /* SDCaptureViewController.h */,
				45344DE51B8674B7000E91A9 /* SDCaptureViewController.m */,
				45344DE71B87D86C000E91A9 /* SDResultsViewController.h */,
				45344DE81B87D86D000E91A9 /* SDResultsViewController.m */,
				45344DC21B8529F5000E91A9 /* Main.storyboard */,
				45344E1F1B8E2AAF000E91A9 /* SDTabBarControllerViewController.h */,
				45344E201B8E2AAF000E91A9 /* SDTabBarControllerViewController.m */,
				45344DC51B8529F5000E91A9 /* Images.xcassets */,
				45344DC71B8529F5000E91A9 /* LaunchScreen.xib */,
				45344DB81B8529F5000E91A9 /* Supporting Files */,
			);
			path = Dex;
			sourceTree = "<group>";
		};
		45344DB81B8529F5000E91A9 /* Supporting Files */ = {
			isa = PBXGroup;
			children = (
				45344DB91B8529F5000E91A9 /* Info.plist */,
				45344DBA1B8529F5000E91A9 /* main.m */,
			);
			name = "Supporting Files";
			sourceTree = "<group>";
		};
		45344DD11B8529F5000E91A9 /* DexTests */ = {
			isa = PBXGroup;
			children = (
				45344DD41B8529F5000E91A9 /* DexTests.m */,
				45344DD21B8529F5000E91A9 /* Supporting Files */,
			);
			path = DexTests;
			sourceTree = "<group>";
		};
		45344DD21B8529F5000E91A9 /* Supporting Files */ = {
			isa = PBXGroup;
			children = (
				45344DD31B8529F5000E91A9 /* Info.plist */,
			);
			name = "Supporting Files";
			sourceTree = "<group>";
		};
/* End PBXGroup section */

/* Begin PBXNativeTarget section */
		45344DB41B8529F5000E91A9 /* Dex */ = {
			isa = PBXNativeTarget;
			buildConfigurationList = 45344DD81B8529F5000E91A9 /* Build configuration list for PBXNativeTarget "Dex" */;
			buildPhases = (
				45344DB11B8529F5000E91A9 /* Sources */,
				45344DB21B8529F5000E91A9 /* Frameworks */,
				45344DB31B8529F5000E91A9 /* Resources */,
			);
			buildRules = (
			);
			dependencies = (
			);
			name = Dex;
			productName = Dex;
			productReference = 45344DB51B8529F5000E91A9 /* Dex.app */;
			productType = "com.apple.product-type.application";
		};
		45344DCD1B8529F5000E91A9 /* DexTests */ = {
			isa = PBXNativeTarget;
			buildConfigurationList = 45344DDB1B8529F5000E91A9 /* Build configuration list for PBXNativeTarget "DexTests" */;
			buildPhases = (
				45344DCA1B8529F5000E91A9 /* Sources */,
				45344DCB1B8529F5000E91A9 /* Frameworks */,
				45344DCC1B8529F5000E91A9 /* Resources */,
			);
			buildRules = (
			);
			dependencies = (
				45344DD01B8529F5000E91A9 /* PBXTargetDependency */,
			);
			name = DexTests;
			productName = DexTests;
			productReference = 45344DCE1B8529F5000E91A9 /* DexTests.xctest */;
			productType = "com.apple.product-type.bundle.unit-test";
		};
/* End PBXNativeTarget section */

/* Begin PBXProject section */
		45344DAD1B8529F5000E91A9 /* Project object */ = {
			isa = PBXProject;
			attributes = {
				LastUpgradeCheck = 0630;
				ORGANIZATIONNAME = "Skytop Designs";
				TargetAttributes = {
					45344DB41B8529F5000E91A9 = {
						CreatedOnToolsVersion = 6.3.1;
					};
					45344DCD1B8529F5000E91A9 = {
						CreatedOnToolsVersion = 6.3.1;
						TestTargetID = 45344DB41B8529F5000E91A9;
					};
				};
			};
			buildConfigurationList = 45344DB01B8529F5000E91A9 /* Build configuration list for PBXProject "Dex" */;
			compatibilityVersion = "Xcode 3.2";
			developmentRegion = English;
			hasScannedForEncodings = 0;
			knownRegions = (
				en,
				Base,
			);
			mainGroup = 45344DAC1B8529F5000E91A9;
			productRefGroup = 45344DB61B8529F5000E91A9 /* Products */;
			projectDirPath = "";
			projectRoot = "";
			targets = (
				45344DB41B8529F5000E91A9 /* Dex */,
				45344DCD1B8529F5000E91A9 /* DexTests */,
			);
		};
/* End PBXProject section */

/* Begin PBXResourcesBuildPhase section */
		45344DB31B8529F5000E91A9 /* Resources */ = {
			isa = PBXResourcesBuildPhase;
			buildActionMask = 2147483647;
			files = (
				45344DC41B8529F5000E91A9 /* Main.storyboard in Resources */,
				45344DC91B8529F5000E91A9 /* LaunchScreen.xib in Resources */,
				45344DC61B8529F5000E91A9 /* Images.xcassets in Resources */,
			);
			runOnlyForDeploymentPostprocessing = 0;
		};
		45344DCC1B8529F5000E91A9 /* Resources */ = {
			isa = PBXResourcesBuildPhase;
			buildActionMask = 2147483647;
			files = (
			);
			runOnlyForDeploymentPostprocessing = 0;
		};
/* End PBXResourcesBuildPhase section */

/* Begin PBXSourcesBuildPhase section */
		45344DB11B8529F5000E91A9 /* Sources */ = {
			isa = PBXSourcesBuildPhase;
			buildActionMask = 2147483647;
			files = (
				45344E211B8E2AAF000E91A9 /* SDTabBarControllerViewController.m in Sources */,
				45344DE91B87D86D000E91A9 /* SDResultsViewController.m in Sources */,
				45344DBE1B8529F5000E91A9 /* AppDelegate.m in Sources */,
				45344DE61B8674B7000E91A9 /* SDCaptureViewController.m in Sources */,
				45344DBB1B8529F5000E91A9 /* main.m in Sources */,
			);
			runOnlyForDeploymentPostprocessing = 0;
		};
		45344DCA1B8529F5000E91A9 /* Sources */ = {
			isa = PBXSourcesBuildPhase;
			buildActionMask = 2147483647;
			files = (
				45344DD51B8529F5000E91A9 /* DexTests.m in Sources */,
			);
			runOnlyForDeploymentPostprocessing = 0;
		};
/* End PBXSourcesBuildPhase section */

/* Begin PBXTargetDependency section */
		45344DD01B8529F5000E91A9 /* PBXTargetDependency */ = {
			isa = PBXTargetDependency;
			target = 45344DB41B8529F5000E91A9 /* Dex */;
			targetProxy = 45344DCF1B8529F5000E91A9 /* PBXContainerItemProxy */;
		};
/* End PBXTargetDependency section */

/* Begin PBXVariantGroup section */
		45344DC21B8529F5000E91A9 /* Main.storyboard */ = {
			isa = PBXVariantGroup;
			children = (
				45344DC31B8529F5000E91A9 /* Base */,
			);
			name = Main.storyboard;
			sourceTree = "<group>";
		};
		45344DC71B8529F5000E91A9 /* LaunchScreen.xib */ = {
			isa = PBXVariantGroup;
			children = (
				45344DC81B8529F5000E91A9 /* Base */,
			);
			name = LaunchScreen.xib;
			sourceTree = "<group>";
		};
/* End PBXVariantGroup section */

/* Begin XCBuildConfiguration section */
		45344DD61B8529F5000E91A9 /* Debug */ = {
			isa = XCBuildConfiguration;
			buildSettings = {
				ALWAYS_SEARCH_USER_PATHS = NO;
				CLANG_CXX_LANGUAGE_STANDARD = "gnu++0x";
				CLANG_CXX_LIBRARY = "libc++";
				CLANG_ENABLE_MODULES = YES;
				CLANG_ENABLE_OBJC_ARC = YES;
				CLANG_WARN_BOOL_CONVERSION = YES;
				CLANG_WARN_CONSTANT_CONVERSION = YES;
				CLANG_WARN_DIRECT_OBJC_ISA_USAGE = YES_ERROR;
				CLANG_WARN_EMPTY_BODY = YES;
				CLANG_WARN_ENUM_CONVERSION = YES;
				CLANG_WARN_INT_CONVERSION = YES;
				CLANG_WARN_OBJC_ROOT_CLASS = YES_ERROR;
				CLANG_WARN_UNREACHABLE_CODE = YES;
				CLANG_WARN__DUPLICATE_METHOD_MATCH = YES;
				"CODE_SIGN_IDENTITY[sdk=iphoneos*]" = "iPhone Developer";
				COPY_PHASE_STRIP = NO;
				DEBUG_INFORMATION_FORMAT = "dwarf-with-dsym";
				ENABLE_STRICT_OBJC_MSGSEND = YES;
				GCC_C_LANGUAGE_STANDARD = gnu99;
				GCC_DYNAMIC_NO_PIC = NO;
				GCC_NO_COMMON_BLOCKS = YES;
				GCC_OPTIMIZATION_LEVEL = 0;
				GCC_PREPROCESSOR_DEFINITIONS = (
					"DEBUG=1",
					"$(inherited)",
				);
				GCC_SYMBOLS_PRIVATE_EXTERN = NO;
				GCC_WARN_64_TO_32_BIT_CONVERSION = YES;
				GCC_WARN_ABOUT_RETURN_TYPE = YES_ERROR;
				GCC_WARN_UNDECLARED_SELECTOR = YES;
				GCC_WARN_UNINITIALIZED_AUTOS = YES_AGGRESSIVE;
				GCC_WARN_UNUSED_FUNCTION = YES;
				GCC_WARN_UNUSED_VARIABLE = YES;
				IPHONEOS_DEPLOYMENT_TARGET = 8.3;
				MTL_ENABLE_DEBUG_INFO = YES;
				ONLY_ACTIVE_ARCH = YES;
				SDKROOT = iphoneos;
			};
			name = Debug;
		};
		45344DD71B8529F5000E91A9 /* Release */ = {
			isa = XCBuildConfiguration;
			buildSettings = {
				ALWAYS_SEARCH_USER_PATHS = NO;
				CLANG_CXX_LANGUAGE_STANDARD = "gnu++0x";
				CLANG_CXX_LIBRARY = "libc++";
				CLANG_ENABLE_MODULES = YES;
				CLANG_ENABLE_OBJC_ARC = YES;
				CLANG_WARN_BOOL_CONVERSION = YES;
				CLANG_WARN_CONSTANT_CONVERSION = YES;
				CLANG_WARN_DIRECT_OBJC_ISA_USAGE = YES_ERROR;
				CLANG_WARN_EMPTY_BODY = YES;
				CLANG_WARN_ENUM_CONVERSION = YES;
				CLANG_WARN_INT_CONVERSION = YES;
				CLANG_WARN_OBJC_ROOT_CLASS = YES_ERROR;
				CLANG_WARN_UNREACHABLE_CODE = YES;
				CLANG_WARN__DUPLICATE_METHOD_MATCH = YES;
				"CODE_SIGN_IDENTITY[sdk=iphoneos*]" = "iPhone Developer";
				COPY_PHASE_STRIP = NO;
				DEBUG_INFORMATION_FORMAT = "dwarf-with-dsym";
				ENABLE_NS_ASSERTIONS = NO;
				ENABLE_STRICT_OBJC_MSGSEND = YES;
				GCC_C_LANGUAGE_STANDARD = gnu99;
				GCC_NO_COMMON_BLOCKS = YES;
				GCC_WARN_64_TO_32_BIT_CONVERSION = YES;
				GCC_WARN_ABOUT_RETURN_TYPE = YES_ERROR;
				GCC_WARN_UNDECLARED_SELECTOR = YES;
				GCC_WARN_UNINITIALIZED_AUTOS = YES_AGGRESSIVE;
				GCC_WARN_UNUSED_FUNCTION = YES;
				GCC_WARN_UNUSED_VARIABLE = YES;
				IPHONEOS_DEPLOYMENT_TARGET = 8.3;
				MTL_ENABLE_DEBUG_INFO = NO;
				SDKROOT = iphoneos;
				VALIDATE_PRODUCT = YES;
			};
			name = Release;
		};
		45344DD91B8529F5000E91A9 /* Debug */ = {
			isa = XCBuildConfiguration;
			buildSettings = {
				ASSETCATALOG_COMPILER_APPICON_NAME = AppIcon;
				INFOPLIST_FILE = Dex/Info.plist;
				LD_RUNPATH_SEARCH_PATHS = "$(inherited) @executable_path/Frameworks";
				PRODUCT_NAME = "$(TARGET_NAME)";
			};
			name = Debug;
		};
		45344DDA1B8529F5000E91A9 /* Release */ = {
			isa = XCBuildConfiguration;
			buildSettings = {
				ASSETCATALOG_COMPILER_APPICON_NAME = AppIcon;
				INFOPLIST_FILE = Dex/Info.plist;
				LD_RUNPATH_SEARCH_PATHS = "$(inherited) @executable_path/Frameworks";
				PRODUCT_NAME = "$(TARGET_NAME)";
			};
			name = Release;
		};
		45344DDC1B8529F5000E91A9 /* Debug */ = {
			isa = XCBuildConfiguration;
			buildSettings = {
				BUNDLE_LOADER = "$(TEST_HOST)";
				FRAMEWORK_SEARCH_PATHS = (
					"$(SDKROOT)/Developer/Library/Frameworks",
					"$(inherited)",
				);
				GCC_PREPROCESSOR_DEFINITIONS = (
					"DEBUG=1",
					"$(inherited)",
				);
				INFOPLIST_FILE = DexTests/Info.plist;
				LD_RUNPATH_SEARCH_PATHS = "$(inherited) @executable_path/Frameworks @loader_path/Frameworks";
				PRODUCT_NAME = "$(TARGET_NAME)";
				TEST_HOST = "$(BUILT_PRODUCTS_DIR)/Dex.app/Dex";
			};
			name = Debug;
		};
		45344DDD1B8529F5000E91A9 /* Release */ = {
			isa = XCBuildConfiguration;
			buildSettings = {
				BUNDLE_LOADER = "$(TEST_HOST)";
				FRAMEWORK_SEARCH_PATHS = (
					"$(SDKROOT)/Developer/Library/Frameworks",
					"$(inherited)",
				);
				INFOPLIST_FILE = DexTests/Info.plist;
				LD_RUNPATH_SEARCH_PATHS = "$(inherited) @executable_path/Frameworks @loader_path/Frameworks";
				PRODUCT_NAME = "$(TARGET_NAME)";
				TEST_HOST = "$(BUILT_PRODUCTS_DIR)/Dex.app/Dex";
			};
			name = Release;
		};
/* End XCBuildConfiguration section */

/* Begin XCConfigurationList section */
		45344DB01B8529F5000E91A9 /* Build configuration list for PBXProject "Dex" */ = {
			isa = XCConfigurationList;
			buildConfigurations = (
				45344DD61B8529F5000E91A9 /* Debug */,
				45344DD71B8529F5000E91A9 /* Release */,
			);
			defaultConfigurationIsVisible = 0;
			defaultConfigurationName = Release;
		};
		45344DD81B8529F5000E91A9 /* Build configuration list for PBXNativeTarget "Dex" */ = {
			isa = XCConfigurationList;
			buildConfigurations = (
				45344DD91B8529F5000E91A9 /* Debug */,
				45344DDA1B8529F5000E91A9 /* Release */,
			);
			defaultConfigurationIsVisible = 0;
		};
		45344DDB1B8529F5000E91A9 /* Build configuration list for PBXNativeTarget "DexTests" */ = {
			isa = XCConfigurationList;
			buildConfigurations = (
				45344DDC1B8529F5000E91A9 /* Debug */,
				45344DDD1B8529F5000E91A9 /* Release */,
			);
			defaultConfigurationIsVisible = 0;
		};
/* End XCConfigurationList section */
	};
	rootObject = 45344DAD1B8529F5000E91A9 /* Project object */;
}
